
Microsoft Visual Studio Solution File, Format Version 12.00
# Visual Studio Version 16
VisualStudioVersion = 16.0.31729.503
MinimumVisualStudioVersion = 10.0.40219.1
Project("{FAE04EC0-301F-11D3-BF4B-00C04F79EFBC}") = "githubpush", "githubpush\githubpush.csproj", "{8313B258-EB3E-4D7D-9AE1-47133477352D}"
EndProject
Global
	GlobalSection(SolutionConfigurationPlatforms) = preSolution
		Debug|Any CPU = Debug|Any CPU
		Release|Any CPU = Release|Any CPU
	EndGlobalSection
	GlobalSection(ProjectConfigurationPlatforms) = postSolution
		{8313B258-EB3E-4D7D-9AE1-47133477352D}.Debug|Any CPU.ActiveCfg = Debug|Any CPU
		{8313B258-EB3E-4D7D-9AE1-47133477352D}.Debug|Any CPU.Build.0 = Debug|Any CPU
		{8313B258-EB3E-4D7D-9AE1-47133477352D}.Release|Any CPU.ActiveCfg = Release|Any CPU
		{8313B258-EB3E-4D7D-9AE1-47133477352D}.Release|Any CPU.Build.0 = Release|Any CPU
	EndGlobalSection
	GlobalSection(SolutionProperties) = preSolution
		HideSolutionNode = FALSE
	EndGlobalSection
	GlobalSection(ExtensibilityGlobals) = postSolution
		SolutionGuid = {B0512D9E-2788-4315-820F-A178F0FDCE12}
	EndGlobalSection
EndGlobal
